
Microsoft Visual Studio Solution File, Format Version 12.00
# Visual Studio Version 16
VisualStudioVersion = 16.0.30907.101
MinimumVisualStudioVersion = 10.0.40219.1
Project("{FAE04EC0-301F-11D3-BF4B-00C04F79EFBC}") = "Notifiquei.Mobile.Android", "Notifiquei.Mobile\Notifiquei.Mobile.Android\Notifiquei.Mobile.Android.csproj", "{22DCB317-A58D-481C-B821-94B2DA1796E8}"
EndProject
Project("{FAE04EC0-301F-11D3-BF4B-00C04F79EFBC}") = "Notifiquei.Mobile", "Notifiquei.Mobile\Notifiquei.Mobile\Notifiquei.Mobile.csproj", "{EF253394-1DB4-480E-8D51-E6B1FF87CFD3}"
EndProject
Global
	GlobalSection(SolutionConfigurationPlatforms) = preSolution
		Debug|Any CPU = Debug|Any CPU
		Release|Any CPU = Release|Any CPU
	EndGlobalSection
	GlobalSection(ProjectConfigurationPlatforms) = postSolution
		{22DCB317-A58D-481C-B821-94B2DA1796E8}.Debug|Any CPU.ActiveCfg = Debug|Any CPU
		{22DCB317-A58D-481C-B821-94B2DA1796E8}.Debug|Any CPU.Build.0 = Debug|Any CPU
		{22DCB317-A58D-481C-B821-94B2DA1796E8}.Debug|Any CPU.Deploy.0 = Debug|Any CPU
		{22DCB317-A58D-481C-B821-94B2DA1796E8}.Release|Any CPU.ActiveCfg = Release|Any CPU
		{22DCB317-A58D-481C-B821-94B2DA1796E8}.Release|Any CPU.Build.0 = Release|Any CPU
		{22DCB317-A58D-481C-B821-94B2DA1796E8}.Release|Any CPU.Deploy.0 = Release|Any CPU
		{EF253394-1DB4-480E-8D51-E6B1FF87CFD3}.Debug|Any CPU.ActiveCfg = Debug|Any CPU
		{EF253394-1DB4-480E-8D51-E6B1FF87CFD3}.Debug|Any CPU.Build.0 = Debug|Any CPU
		{EF253394-1DB4-480E-8D51-E6B1FF87CFD3}.Release|Any CPU.ActiveCfg = Release|Any CPU
		{EF253394-1DB4-480E-8D51-E6B1FF87CFD3}.Release|Any CPU.Build.0 = Release|Any CPU
	EndGlobalSection
	GlobalSection(SolutionProperties) = preSolution
		HideSolutionNode = FALSE
	EndGlobalSection
	GlobalSection(ExtensibilityGlobals) = postSolution
		SolutionGuid = {FFD6D2C6-8571-4407-8F72-F9F723712FA8}
	EndGlobalSection
EndGlobal
